
Microsoft Visual Studio Solution File, Format Version 12.00
# Visual Studio Version 17
VisualStudioVersion = 17.14.36121.58 d17.14
MinimumVisualStudioVersion = 10.0.40219.1
Project("{F184B08F-C81C-45F6-A57F-5ABD9991F28F}") = "TodoListApp", "TodoListApp\TodoListApp.vbproj", "{7FC2D251-A61F-48EF-A522-A3F32D7A1099}"
EndProject
Global
	GlobalSection(SolutionConfigurationPlatforms) = preSolution
		Debug|Any CPU = Debug|Any CPU
		Release|Any CPU = Release|Any CPU
	EndGlobalSection
	GlobalSection(ProjectConfigurationPlatforms) = postSolution
		{7FC2D251-A61F-48EF-A522-A3F32D7A1099}.Debug|Any CPU.ActiveCfg = Debug|Any CPU
		{7FC2D251-A61F-48EF-A522-A3F32D7A1099}.Debug|Any CPU.Build.0 = Debug|Any CPU
		{7FC2D251-A61F-48EF-A522-A3F32D7A1099}.Release|Any CPU.ActiveCfg = Release|Any CPU
		{7FC2D251-A61F-48EF-A522-A3F32D7A1099}.Release|Any CPU.Build.0 = Release|Any CPU
	EndGlobalSection
	GlobalSection(SolutionProperties) = preSolution
		HideSolutionNode = FALSE
	EndGlobalSection
	GlobalSection(ExtensibilityGlobals) = postSolution
		SolutionGuid = {2C39ADE5-34DB-4CD2-AFCD-3AC0D95E83AB}
	EndGlobalSection
EndGlobal
